
Microsoft Visual Studio Solution File, Format Version 12.00
# Visual Studio Version 16
VisualStudioVersion = 16.0.30907.101
MinimumVisualStudioVersion = 10.0.40219.1
Project("{9A19103F-16F7-4668-BE54-9A1E7A4F7556}") = "ASPWebshop", "Webshop\ASPWebshop.csproj", "{7E935F87-EDC6-4DFC-B1CA-B795275D8100}"
EndProject
Project("{2150E333-8FDC-42A3-9474-1A3956D46DE8}") = "Webshop", "Webshop", "{5389120C-A33A-448C-BBAE-2DFAB0C8ACA4}"
EndProject
Project("{2150E333-8FDC-42A3-9474-1A3956D46DE8}") = "Unittest", "Unittest", "{F24A08AF-8DA2-4527-9173-C25E80B26787}"
EndProject
Project("{9A19103F-16F7-4668-BE54-9A1E7A4F7556}") = "ASPWebshopTest", "ASPWebshopTest\ASPWebshopTest.csproj", "{8A763569-A6DF-4788-A931-8436B154CD1A}"
EndProject
Project("{9A19103F-16F7-4668-BE54-9A1E7A4F7556}") = "ASPWebshopDatabase", "ASPWebshopDatabase\ASPWebshopDatabase.csproj", "{837CF69F-92D6-4FB4-9AC0-5C069527649D}"
EndProject
Project("{2150E333-8FDC-42A3-9474-1A3956D46DE8}") = "Database", "Database", "{059875A1-DED0-42E8-8BB4-32D0D8ADC0E7}"
EndProject
Project("{2150E333-8FDC-42A3-9474-1A3956D46DE8}") = "Common", "Common", "{27B3013F-BC42-4628-AA97-D43768BD8F5E}"
EndProject
Project("{9A19103F-16F7-4668-BE54-9A1E7A4F7556}") = "ASPWebshop.Common", "ASPWebshop.Common\ASPWebshop.Common.csproj", "{61AC23C7-D6EE-484D-9202-4C4F4996A0A1}"
EndProject
Project("{E53339B2-1760-4266-BCC7-CA923CBCF16C}") = "docker-compose", "docker-compose.dcproj", "{9DE38CBF-9FEE-40FE-B493-90231B45637E}"
EndProject
Project("{FAE04EC0-301F-11D3-BF4B-00C04F79EFBC}") = "ASPWebshop.Catalog", "ASPWebshop.Catalog\ASPWebshop.Catalog.csproj", "{CF2405D5-F0FF-4BD2-B7F6-4C8BF5A39118}"
EndProject
Global
	GlobalSection(SolutionConfigurationPlatforms) = preSolution
		Debug|Any CPU = Debug|Any CPU
		Release|Any CPU = Release|Any CPU
	EndGlobalSection
	GlobalSection(ProjectConfigurationPlatforms) = postSolution
		{7E935F87-EDC6-4DFC-B1CA-B795275D8100}.Debug|Any CPU.ActiveCfg = Debug|Any CPU
		{7E935F87-EDC6-4DFC-B1CA-B795275D8100}.Debug|Any CPU.Build.0 = Debug|Any CPU
		{7E935F87-EDC6-4DFC-B1CA-B795275D8100}.Release|Any CPU.ActiveCfg = Release|Any CPU
		{7E935F87-EDC6-4DFC-B1CA-B795275D8100}.Release|Any CPU.Build.0 = Release|Any CPU
		{8A763569-A6DF-4788-A931-8436B154CD1A}.Debug|Any CPU.ActiveCfg = Debug|Any CPU
		{8A763569-A6DF-4788-A931-8436B154CD1A}.Debug|Any CPU.Build.0 = Debug|Any CPU
		{8A763569-A6DF-4788-A931-8436B154CD1A}.Release|Any CPU.ActiveCfg = Release|Any CPU
		{8A763569-A6DF-4788-A931-8436B154CD1A}.Release|Any CPU.Build.0 = Release|Any CPU
		{837CF69F-92D6-4FB4-9AC0-5C069527649D}.Debug|Any CPU.ActiveCfg = Debug|Any CPU
		{837CF69F-92D6-4FB4-9AC0-5C069527649D}.Debug|Any CPU.Build.0 = Debug|Any CPU
		{837CF69F-92D6-4FB4-9AC0-5C069527649D}.Release|Any CPU.ActiveCfg = Release|Any CPU
		{837CF69F-92D6-4FB4-9AC0-5C069527649D}.Release|Any CPU.Build.0 = Release|Any CPU
		{61AC23C7-D6EE-484D-9202-4C4F4996A0A1}.Debug|Any CPU.ActiveCfg = Debug|Any CPU
		{61AC23C7-D6EE-484D-9202-4C4F4996A0A1}.Debug|Any CPU.Build.0 = Debug|Any CPU
		{61AC23C7-D6EE-484D-9202-4C4F4996A0A1}.Release|Any CPU.ActiveCfg = Release|Any CPU
		{61AC23C7-D6EE-484D-9202-4C4F4996A0A1}.Release|Any CPU.Build.0 = Release|Any CPU
		{9DE38CBF-9FEE-40FE-B493-90231B45637E}.Debug|Any CPU.ActiveCfg = Debug|Any CPU
		{9DE38CBF-9FEE-40FE-B493-90231B45637E}.Debug|Any CPU.Build.0 = Debug|Any CPU
		{9DE38CBF-9FEE-40FE-B493-90231B45637E}.Release|Any CPU.ActiveCfg = Release|Any CPU
		{9DE38CBF-9FEE-40FE-B493-90231B45637E}.Release|Any CPU.Build.0 = Release|Any CPU
		{CF2405D5-F0FF-4BD2-B7F6-4C8BF5A39118}.Debug|Any CPU.ActiveCfg = Debug|Any CPU
		{CF2405D5-F0FF-4BD2-B7F6-4C8BF5A39118}.Debug|Any CPU.Build.0 = Debug|Any CPU
		{CF2405D5-F0FF-4BD2-B7F6-4C8BF5A39118}.Release|Any CPU.ActiveCfg = Release|Any CPU
		{CF2405D5-F0FF-4BD2-B7F6-4C8BF5A39118}.Release|Any CPU.Build.0 = Release|Any CPU
	EndGlobalSection
	GlobalSection(SolutionProperties) = preSolution
		HideSolutionNode = FALSE
	EndGlobalSection
	GlobalSection(NestedProjects) = preSolution
		{7E935F87-EDC6-4DFC-B1CA-B795275D8100} = {5389120C-A33A-448C-BBAE-2DFAB0C8ACA4}
		{8A763569-A6DF-4788-A931-8436B154CD1A} = {F24A08AF-8DA2-4527-9173-C25E80B26787}
		{837CF69F-92D6-4FB4-9AC0-5C069527649D} = {059875A1-DED0-42E8-8BB4-32D0D8ADC0E7}
		{61AC23C7-D6EE-484D-9202-4C4F4996A0A1} = {27B3013F-BC42-4628-AA97-D43768BD8F5E}
		{CF2405D5-F0FF-4BD2-B7F6-4C8BF5A39118} = {059875A1-DED0-42E8-8BB4-32D0D8ADC0E7}
	EndGlobalSection
	GlobalSection(ExtensibilityGlobals) = postSolution
		SolutionGuid = {7418A921-6A13-4CA6-9595-43D895E3C9EA}
	EndGlobalSection
EndGlobal
